
Microsoft Visual Studio Solution File, Format Version 12.00
# Visual Studio 15
VisualStudioVersion = 15.0.28307.902
MinimumVisualStudioVersion = 10.0.40219.1
Project("{FAE04EC0-301F-11D3-BF4B-00C04F79EFBC}") = "feed.products.web.api", "feed.products.web.api\feed.products.web.api.csproj", "{C1B90ACC-A825-45D7-8FBF-3B26EF7F103F}"
EndProject
Global
	GlobalSection(SolutionConfigurationPlatforms) = preSolution
		Debug|Any CPU = Debug|Any CPU
		Release|Any CPU = Release|Any CPU
	EndGlobalSection
	GlobalSection(ProjectConfigurationPlatforms) = postSolution
		{C1B90ACC-A825-45D7-8FBF-3B26EF7F103F}.Debug|Any CPU.ActiveCfg = Debug|Any CPU
		{C1B90ACC-A825-45D7-8FBF-3B26EF7F103F}.Debug|Any CPU.Build.0 = Debug|Any CPU
		{C1B90ACC-A825-45D7-8FBF-3B26EF7F103F}.Release|Any CPU.ActiveCfg = Release|Any CPU
		{C1B90ACC-A825-45D7-8FBF-3B26EF7F103F}.Release|Any CPU.Build.0 = Release|Any CPU
	EndGlobalSection
	GlobalSection(SolutionProperties) = preSolution
		HideSolutionNode = FALSE
	EndGlobalSection
	GlobalSection(ExtensibilityGlobals) = postSolution
		SolutionGuid = {C5644B8B-4183-429E-BA1F-CFF3A7FA1B8F}
	EndGlobalSection
EndGlobal
